
Microsoft Visual Studio Solution File, Format Version 12.00
# Visual Studio Version 17
VisualStudioVersion = 17.3.32825.248
MinimumVisualStudioVersion = 10.0.40219.1
Project("{FAE04EC0-301F-11D3-BF4B-00C04F79EFBC}") = "ЛабораторнаяРаб1 Синявин Ворфоломеев", "ЛабораторнаяРаб1 Синявин Ворфоломеев.csproj", "{6174902D-5F4B-4D54-80EB-043B793CE8A5}"
EndProject
Global
	GlobalSection(SolutionConfigurationPlatforms) = preSolution
		Debug|Any CPU = Debug|Any CPU
		Release|Any CPU = Release|Any CPU
	EndGlobalSection
	GlobalSection(ProjectConfigurationPlatforms) = postSolution
		{6174902D-5F4B-4D54-80EB-043B793CE8A5}.Debug|Any CPU.ActiveCfg = Debug|Any CPU
		{6174902D-5F4B-4D54-80EB-043B793CE8A5}.Debug|Any CPU.Build.0 = Debug|Any CPU
		{6174902D-5F4B-4D54-80EB-043B793CE8A5}.Release|Any CPU.ActiveCfg = Release|Any CPU
		{6174902D-5F4B-4D54-80EB-043B793CE8A5}.Release|Any CPU.Build.0 = Release|Any CPU
	EndGlobalSection
	GlobalSection(SolutionProperties) = preSolution
		HideSolutionNode = FALSE
	EndGlobalSection
	GlobalSection(ExtensibilityGlobals) = postSolution
		SolutionGuid = {129E6D90-6701-466A-A30D-00394BA4BB9D}
	EndGlobalSection
EndGlobal
